# This file is automatically @generated by Cargo.
# It is not intended for manual editing.
version = 4

[[package]]
name = "openbmp-aero"
version = "0.0.1"

[[package]]
name = "openbmp-aerothermal"
version = "0.0.1"

[[package]]
name = "openbmp-bridge"
version = "0.0.1"

[[package]]
name = "openbmp-cli"
version = "0.0.1"

[[package]]
name = "openbmp-core"
version = "0.0.1"

[[package]]
name = "openbmp-env"
version = "0.0.1"

[[package]]
name = "openbmp-fc"
version = "0.0.1"

[[package]]
name = "openbmp-propulsion"
version = "0.0.1"

[[package]]
name = "openbmp-scenario"
version = "0.0.1"

[[package]]
name = "openbmp-sensors"
version = "0.0.1"

[[package]]
name = "openbmp-sim"
version = "0.0.1"

[[package]]
name = "openbmp-state"
version = "0.0.1"

[[package]]
name = "openbmp-telemetry"
version = "0.0.1"

[[package]]
name = "openbmp-testkit"
version = "0.0.1"

[[package]]
name = "openbmp-vehicle"
version = "0.0.1"
